
Microsoft Visual Studio Solution File, Format Version 12.00
# Visual Studio 2013
VisualStudioVersion = 12.0.31101.0
MinimumVisualStudioVersion = 10.0.40219.1
Project("{8BC9CEB8-8B4A-11D0-8D11-00A0C91BC942}") = "Bai1-qlsv", "CacDangBaiTap\CacDangBaiTap.vcxproj", "{D8959547-6AF2-4A52-9112-46BFB8DAB656}"
EndProject
Project("{8BC9CEB8-8B4A-11D0-8D11-00A0C91BC942}") = "Bai2-SoNguyenTo", "SoNguyenTo\SoNguyenTo.vcxproj", "{A303F061-6DB2-47DD-9AC7-E01CA3D91DA9}"
EndProject
Global
	GlobalSection(SolutionConfigurationPlatforms) = preSolution
		Debug|Win32 = Debug|Win32
		Release|Win32 = Release|Win32
	EndGlobalSection
	GlobalSection(ProjectConfigurationPlatforms) = postSolution
		{D8959547-6AF2-4A52-9112-46BFB8DAB656}.Debug|Win32.ActiveCfg = Debug|Win32
		{D8959547-6AF2-4A52-9112-46BFB8DAB656}.Debug|Win32.Build.0 = Debug|Win32
		{D8959547-6AF2-4A52-9112-46BFB8DAB656}.Release|Win32.ActiveCfg = Release|Win32
		{D8959547-6AF2-4A52-9112-46BFB8DAB656}.Release|Win32.Build.0 = Release|Win32
		{A303F061-6DB2-47DD-9AC7-E01CA3D91DA9}.Debug|Win32.ActiveCfg = Debug|Win32
		{A303F061-6DB2-47DD-9AC7-E01CA3D91DA9}.Debug|Win32.Build.0 = Debug|Win32
		{A303F061-6DB2-47DD-9AC7-E01CA3D91DA9}.Release|Win32.ActiveCfg = Release|Win32
		{A303F061-6DB2-47DD-9AC7-E01CA3D91DA9}.Release|Win32.Build.0 = Release|Win32
	EndGlobalSection
	GlobalSection(SolutionProperties) = preSolution
		HideSolutionNode = FALSE
	EndGlobalSection
EndGlobal
